// !$*UTF8*$!
{
	archiveVersion = 1;
	classes = {
	};
	objectVersion = 46;
	objects = {

/* Begin PBXBuildFile section */
		0207DA581B56EA530066E2B4 /* Images.xcassets in Resources */ = {isa = PBXBuildFile; fileRef = 0207DA571B56EA530066E2B4 /* Images.xcassets */; };
		0BFAA1F0D3BC4E9FBD9EC29B /* libz.tbd in Frameworks */ = {isa = PBXBuildFile; fileRef = 726D0F2311804EB1B822C799 /* libz.tbd */; };
		0EF69C1DD0DD4CAA893220F5 /* libGTM_UIFont+LineHeight.a in Frameworks */ = {isa = PBXBuildFile; fileRef = AC8AD3CE140241A38DAA2534 /* libGTM_UIFont+LineHeight.a */; };
		16C1122A08514864ABD99EE2 /* SafariViewController.m in Sources */ = {isa = PBXBuildFile; fileRef = 85F0ADE966ED4A3099949181 /* SafariViewController.m */; };
		17E5AC091EC94580A8CB9A8F /* libGTMSessionFetcher_full.a in Frameworks */ = {isa = PBXBuildFile; fileRef = CFDF1B9C17C94F918ED2212E /* libGTMSessionFetcher_full.a */; };
		195F6A62674B4819BE1B6372 /* libGTM_RoundedRectPath.a in Frameworks */ = {isa = PBXBuildFile; fileRef = 2856B91B8E35484A82EFA885 /* libGTM_RoundedRectPath.a */; };
		1AE0400BFA084F91ACBE3F95 /* libGTM_NSStringXML.a in Frameworks */ = {isa = PBXBuildFile; fileRef = 37CC7C73078C473DBD9BC455 /* libGTM_NSStringXML.a */; };
		1D3623260D0F684500981E51 /* AppDelegate.m in Sources */ = {isa = PBXBuildFile; fileRef = 1D3623250D0F684500981E51 /* AppDelegate.m */; };
		1D60589B0D05DD56006BFB54 /* main.m in Sources */ = {isa = PBXBuildFile; fileRef = 29B97316FDCFA39411CA2CEA /* main.m */; };
		1DA9333AA1174DB29DFF28D9 /* libGcmLib.a in Frameworks */ = {isa = PBXBuildFile; fileRef = F1A0548B3E2B4F4F8F97DE59 /* libGcmLib.a */; };
		1DF836BC94374C158F372040 /* PushPlugin.m in Sources */ = {isa = PBXBuildFile; fileRef = ADC74CC9CDED4E62908889B6 /* PushPlugin.m */; };
		1EAEB5E6660C41CEA85D978D /* libGIP_Reachability.a in Frameworks */ = {isa = PBXBuildFile; fileRef = 70A608C67EDB474A9E7C97F8 /* libGIP_Reachability.a */; };
		2432C7E2CD49414B9A2AAB7C /* libGTMSessionFetcher_core.a in Frameworks */ = {isa = PBXBuildFile; fileRef = 859FCD5493924E059497AF10 /* libGTMSessionFetcher_core.a */; };
		29A1D3FA10F747ABAE0A1C35 /* libGTM_SystemVersion.a in Frameworks */ = {isa = PBXBuildFile; fileRef = 10963D6B71C34CCB9868CAFA /* libGTM_SystemVersion.a */; };
		2B96F5A8071A46D98E5C6C31 /* libGTMStackTrace.a in Frameworks */ = {isa = PBXBuildFile; fileRef = BA10D29C3AE14BBE9B038F47 /* libGTMStackTrace.a */; };
		301BF552109A68D80062928A /* libCordova.a in Frameworks */ = {isa = PBXBuildFile; fileRef = 301BF535109A57CC0062928A /* libCordova.a */; };
		302D95F114D2391D003F00A1 /* MainViewController.m in Sources */ = {isa = PBXBuildFile; fileRef = 302D95EF14D2391D003F00A1 /* MainViewController.m */; };
		302D95F214D2391D003F00A1 /* MainViewController.xib in Resources */ = {isa = PBXBuildFile; fileRef = 302D95F014D2391D003F00A1 /* MainViewController.xib */; };
		3047A5121AB8059700498E2A /* build-debug.xcconfig in Resources */ = {isa = PBXBuildFile; fileRef = 3047A50F1AB8059700498E2A /* build-debug.xcconfig */; };
		3047A5131AB8059700498E2A /* build-release.xcconfig in Resources */ = {isa = PBXBuildFile; fileRef = 3047A5101AB8059700498E2A /* build-release.xcconfig */; };
		3047A5141AB8059700498E2A /* build.xcconfig in Resources */ = {isa = PBXBuildFile; fileRef = 3047A5111AB8059700498E2A /* build.xcconfig */; };
		394589515C3F488CBD01BE63 /* libGTM_KVO.a in Frameworks */ = {isa = PBXBuildFile; fileRef = 1BA45EDCCE0C4EB2BC51B183 /* libGTM_KVO.a */; };
		40D389E3F13E4E839EADC171 /* libGTM_iPhone.a in Frameworks */ = {isa = PBXBuildFile; fileRef = 9B14F404C2BD49FFA4F709E7 /* libGTM_iPhone.a */; };
		4203D8BE587344B3B15A74B2 /* libGTM_NSData+zlib.a in Frameworks */ = {isa = PBXBuildFile; fileRef = A99B535BBDBE4C478F6CE4A3 /* libGTM_NSData+zlib.a */; };
		445A7DDCD4914D618A733C08 /* libGTM_DebugUtils.a in Frameworks */ = {isa = PBXBuildFile; fileRef = 9932A1F910674F8CB45A00B4 /* libGTM_DebugUtils.a */; };
		49017EBA7087426F88007E95 /* AddressBook.framework in Frameworks */ = {isa = PBXBuildFile; fileRef = F58B471175E74A499C3E9D87 /* AddressBook.framework */; };
		4D8EDC69C9CB4BF0A1A8C475 /* libGTM_NSStringHTML.a in Frameworks */ = {isa = PBXBuildFile; fileRef = AF5ABE70E5664E7FA30142D7 /* libGTM_NSStringHTML.a */; };
		507E17A5B98549E6979B9C5C /* libGTM_AddressBook.a in Frameworks */ = {isa = PBXBuildFile; fileRef = 44402D6A3AC646758CB99852 /* libGTM_AddressBook.a */; };
		5DB4CECD77BB41CEB62A56E3 /* libGGLCore.a in Frameworks */ = {isa = PBXBuildFile; fileRef = 03DDC03D91744C54A3F6C44E /* libGGLCore.a */; };
		5E8B28EF92B74DCE9303FFB2 /* AppVersion.m in Sources */ = {isa = PBXBuildFile; fileRef = 57F3783D8FFB4C6AADB64E0C /* AppVersion.m */; };
		613670021DAF4B538446B004 /* libGTM_StringEncoding.a in Frameworks */ = {isa = PBXBuildFile; fileRef = 84FC1038D89A4B64B0692178 /* libGTM_StringEncoding.a */; };
		6B9C33D0AF364BF4B4007511 /* libGGLInstanceIDLib.a in Frameworks */ = {isa = PBXBuildFile; fileRef = 85E5598A2C0B4FE6AA33D744 /* libGGLInstanceIDLib.a */; };
		8647FD6A69C2401595325525 /* libGGLCloudMessaging.a in Frameworks */ = {isa = PBXBuildFile; fileRef = 59FEACFADD754A4898D0FCAD /* libGGLCloudMessaging.a */; };
		93E049120A1748A581A3361E /* libGTM_NSScannerJSON.a in Frameworks */ = {isa = PBXBuildFile; fileRef = E77EFA59EE154A3D9B80ACAA /* libGTM_NSScannerJSON.a */; };
		A4B5BF25A9F44D838446A6D2 /* AppDelegate+notification.m in Sources */ = {isa = PBXBuildFile; fileRef = D80836EA970545E2BA238820 /* AppDelegate+notification.m */; };
		AEC6F96B7DB3486E80124B33 /* libGSDK_Overload.a in Frameworks */ = {isa = PBXBuildFile; fileRef = 2BA86FBFAC294FFFBC8A6381 /* libGSDK_Overload.a */; };
		B50330B12A934998B76B4BA2 /* CDVDevice.m in Sources */ = {isa = PBXBuildFile; fileRef = 51A1B71087E543CB89FCCE05 /* CDVDevice.m */; };
		BC6895B6261E44BCA6198FB3 /* CDVStatusBar.m in Sources */ = {isa = PBXBuildFile; fileRef = DDEE14D9D85C43FE921BAFAE /* CDVStatusBar.m */; };
		BD89313390A447FA8ACC8B5F /* libsqlite3.tbd in Frameworks */ = {isa = PBXBuildFile; fileRef = 8B7E7CC5CC194415ADEA2ED6 /* libsqlite3.tbd */; };
		CE6D05CA3AE9426D9F514E2C /* libGTM_GTMURLBuilder.a in Frameworks */ = {isa = PBXBuildFile; fileRef = 1F5DD9161DE14A9782390629 /* libGTM_GTMURLBuilder.a */; };
		CF43460B4C9742F0A4CC1B8B /* libGTM_core.a in Frameworks */ = {isa = PBXBuildFile; fileRef = BD8FD08DD33D40D19620E25F /* libGTM_core.a */; };
		CFC7B4E8AD3544828747D631 /* libGTM_NSDictionary+URLArguments.a in Frameworks */ = {isa = PBXBuildFile; fileRef = E1B9B7336CAA40439362C9A9 /* libGTM_NSDictionary+URLArguments.a */; };
		D4F6540C348B401381813D22 /* libGTM_Regex.a in Frameworks */ = {isa = PBXBuildFile; fileRef = A0FB90F36B014300BD9D0299 /* libGTM_Regex.a */; };
		D563E93BE0AE40A18A541584 /* libProtocolBuffers.a in Frameworks */ = {isa = PBXBuildFile; fileRef = F5704DD1226C4BE09BE20703 /* libProtocolBuffers.a */; };
		E4A1E8A70F0D400589A95B01 /* SafariServices.framework in Frameworks */ = {isa = PBXBuildFile; fileRef = A9006BEBC6AA4FEF9E5069CB /* SafariServices.framework */; settings = {ATTRIBUTES = (Weak, ); }; };
/* End PBXBuildFile section */

/* Begin PBXContainerItemProxy section */
		301BF534109A57CC0062928A /* PBXContainerItemProxy */ = {
			isa = PBXContainerItemProxy;
			containerPortal = 301BF52D109A57CC0062928A /* CordovaLib.xcodeproj */;
			proxyType = 2;
			remoteGlobalIDString = D2AAC07E0554694100DB518D;
			remoteInfo = CordovaLib;
		};
		301BF550109A68C00062928A /* PBXContainerItemProxy */ = {
			isa = PBXContainerItemProxy;
			containerPortal = 301BF52D109A57CC0062928A /* CordovaLib.xcodeproj */;
			proxyType = 1;
			remoteGlobalIDString = D2AAC07D0554694100DB518D;
			remoteInfo = CordovaLib;
		};
/* End PBXContainerItemProxy section */

/* Begin PBXFileReference section */
		0207DA571B56EA530066E2B4 /* Images.xcassets */ = {isa = PBXFileReference; lastKnownFileType = folder.assetcatalog; name = Images.xcassets; path = "Ruby China/Images.xcassets"; sourceTree = SOURCE_ROOT; };
		0276E334E5D34BB0856E2BFB /* CDVDevice.h */ = {isa = PBXFileReference; explicitFileType = undefined; fileEncoding = 4; includeInIndex = 0; lastKnownFileType = sourcecode.c.h; name = CDVDevice.h; path = "cordova-plugin-device/CDVDevice.h"; sourceTree = "<group>"; };
		03DDC03D91744C54A3F6C44E /* libGGLCore.a */ = {isa = PBXFileReference; explicitFileType = undefined; fileEncoding = 9; includeInIndex = 0; lastKnownFileType = archive.ar; name = libGGLCore.a; path = "Ruby China/Plugins/phonegap-plugin-push/GCM/Libraries/libGGLCore.a"; sourceTree = "<group>"; };
		10963D6B71C34CCB9868CAFA /* libGTM_SystemVersion.a */ = {isa = PBXFileReference; explicitFileType = undefined; fileEncoding = 9; includeInIndex = 0; lastKnownFileType = archive.ar; name = libGTM_SystemVersion.a; path = "Ruby China/Plugins/phonegap-plugin-push/GCM/Libraries/libGTM_SystemVersion.a"; sourceTree = "<group>"; };
		10FBDC5611084EE0B25BD3BF /* CloudMessaging.h */ = {isa = PBXFileReference; explicitFileType = undefined; fileEncoding = 4; includeInIndex = 0; lastKnownFileType = sourcecode.c.h; name = CloudMessaging.h; path = "phonegap-plugin-push/GCM/Headers/CloudMessaging.h"; sourceTree = "<group>"; };
		1BA45EDCCE0C4EB2BC51B183 /* libGTM_KVO.a */ = {isa = PBXFileReference; explicitFileType = undefined; fileEncoding = 9; includeInIndex = 0; lastKnownFileType = archive.ar; name = libGTM_KVO.a; path = "Ruby China/Plugins/phonegap-plugin-push/GCM/Libraries/libGTM_KVO.a"; sourceTree = "<group>"; };
		1D3623240D0F684500981E51 /* AppDelegate.h */ = {isa = PBXFileReference; fileEncoding = 4; lastKnownFileType = sourcecode.c.h; path = AppDelegate.h; sourceTree = "<group>"; };
		1D3623250D0F684500981E51 /* AppDelegate.m */ = {isa = PBXFileReference; fileEncoding = 4; lastKnownFileType = sourcecode.c.objc; path = AppDelegate.m; sourceTree = "<group>"; };
		1D6058910D05DD3D006BFB54 /* Ruby China.app */ = {isa = PBXFileReference; explicitFileType = wrapper.application; includeInIndex = 0; path = "Ruby China.app"; sourceTree = BUILT_PRODUCTS_DIR; };
		1F5DD9161DE14A9782390629 /* libGTM_GTMURLBuilder.a */ = {isa = PBXFileReference; explicitFileType = undefined; fileEncoding = 9; includeInIndex = 0; lastKnownFileType = archive.ar; name = libGTM_GTMURLBuilder.a; path = "Ruby China/Plugins/phonegap-plugin-push/GCM/Libraries/libGTM_GTMURLBuilder.a"; sourceTree = "<group>"; };
		243403CBCD144BD4AD7AF125 /* GCMReceiverDelegate.h */ = {isa = PBXFileReference; explicitFileType = undefined; fileEncoding = 4; includeInIndex = 0; lastKnownFileType = sourcecode.c.h; name = GCMReceiverDelegate.h; path = "phonegap-plugin-push/GCM/Headers/GCMReceiverDelegate.h"; sourceTree = "<group>"; };
		2856B91B8E35484A82EFA885 /* libGTM_RoundedRectPath.a */ = {isa = PBXFileReference; explicitFileType = undefined; fileEncoding = 9; includeInIndex = 0; lastKnownFileType = archive.ar; name = libGTM_RoundedRectPath.a; path = "Ruby China/Plugins/phonegap-plugin-push/GCM/Libraries/libGTM_RoundedRectPath.a"; sourceTree = "<group>"; };
		29B97316FDCFA39411CA2CEA /* main.m */ = {isa = PBXFileReference; fileEncoding = 4; lastKnownFileType = sourcecode.c.objc; path = main.m; sourceTree = "<group>"; };
		2BA86FBFAC294FFFBC8A6381 /* libGSDK_Overload.a */ = {isa = PBXFileReference; explicitFileType = undefined; fileEncoding = 9; includeInIndex = 0; lastKnownFileType = archive.ar; name = libGSDK_Overload.a; path = "Ruby China/Plugins/phonegap-plugin-push/GCM/Libraries/libGSDK_Overload.a"; sourceTree = "<group>"; };
		301BF52D109A57CC0062928A /* CordovaLib.xcodeproj */ = {isa = PBXFileReference; lastKnownFileType = "wrapper.pb-project"; name = CordovaLib.xcodeproj; path = CordovaLib/CordovaLib.xcodeproj; sourceTree = "<group>"; };
		301BF56E109A69640062928A /* www */ = {isa = PBXFileReference; lastKnownFileType = folder; path = www; sourceTree = SOURCE_ROOT; };
		302D95EE14D2391D003F00A1 /* MainViewController.h */ = {isa = PBXFileReference; fileEncoding = 4; lastKnownFileType = sourcecode.c.h; path = MainViewController.h; sourceTree = "<group>"; };
		302D95EF14D2391D003F00A1 /* MainViewController.m */ = {isa = PBXFileReference; fileEncoding = 4; lastKnownFileType = sourcecode.c.objc; path = MainViewController.m; sourceTree = "<group>"; };
		302D95F014D2391D003F00A1 /* MainViewController.xib */ = {isa = PBXFileReference; fileEncoding = 4; lastKnownFileType = file.xib; path = MainViewController.xib; sourceTree = "<group>"; };
		3047A50F1AB8059700498E2A /* build-debug.xcconfig */ = {isa = PBXFileReference; fileEncoding = 4; lastKnownFileType = text.xcconfig; name = "build-debug.xcconfig"; path = "cordova/build-debug.xcconfig"; sourceTree = SOURCE_ROOT; };
		3047A5101AB8059700498E2A /* build-release.xcconfig */ = {isa = PBXFileReference; fileEncoding = 4; lastKnownFileType = text.xcconfig; name = "build-release.xcconfig"; path = "cordova/build-release.xcconfig"; sourceTree = SOURCE_ROOT; };
		3047A5111AB8059700498E2A /* build.xcconfig */ = {isa = PBXFileReference; fileEncoding = 4; lastKnownFileType = text.xcconfig; name = build.xcconfig; path = cordova/build.xcconfig; sourceTree = SOURCE_ROOT; };
		3164D2F77BFA43F591A26C58 /* SafariViewController.h */ = {isa = PBXFileReference; explicitFileType = undefined; fileEncoding = 4; includeInIndex = 0; lastKnownFileType = sourcecode.c.h; name = SafariViewController.h; path = "cordova-plugin-safariviewcontroller/SafariViewController.h"; sourceTree = "<group>"; };
		32ABCCAAB8FF44BE94D6E4DF /* CDVStatusBar.h */ = {isa = PBXFileReference; explicitFileType = undefined; fileEncoding = 4; includeInIndex = 0; lastKnownFileType = sourcecode.c.h; name = CDVStatusBar.h; path = "cordova-plugin-statusbar/CDVStatusBar.h"; sourceTree = "<group>"; };
		32CA4F630368D1EE00C91783 /* Ruby China-Prefix.pch */ = {isa = PBXFileReference; fileEncoding = 4; lastKnownFileType = sourcecode.c.h; path = "Ruby China-Prefix.pch"; sourceTree = "<group>"; };
		33A85E6F2D1442D7B65DD67F /* GGLConfiguration.h */ = {isa = PBXFileReference; explicitFileType = undefined; fileEncoding = 4; includeInIndex = 0; lastKnownFileType = sourcecode.c.h; name = GGLConfiguration.h; path = "phonegap-plugin-push/GCM/Headers/GGLConfiguration.h"; sourceTree = "<group>"; };
		347E6AC7C9F34517929376B8 /* GCMService.h */ = {isa = PBXFileReference; explicitFileType = undefined; fileEncoding = 4; includeInIndex = 0; lastKnownFileType = sourcecode.c.h; name = GCMService.h; path = "phonegap-plugin-push/GCM/Headers/GCMService.h"; sourceTree = "<group>"; };
		3648A2C03BB9471D80936CB4 /* Core.h */ = {isa = PBXFileReference; explicitFileType = undefined; fileEncoding = 4; includeInIndex = 0; lastKnownFileType = sourcecode.c.h; name = Core.h; path = "phonegap-plugin-push/GCM/Headers/Core.h"; sourceTree = "<group>"; };
		37CC7C73078C473DBD9BC455 /* libGTM_NSStringXML.a */ = {isa = PBXFileReference; explicitFileType = undefined; fileEncoding = 9; includeInIndex = 0; lastKnownFileType = archive.ar; name = libGTM_NSStringXML.a; path = "Ruby China/Plugins/phonegap-plugin-push/GCM/Libraries/libGTM_NSStringXML.a"; sourceTree = "<group>"; };
		436C2ED0E8EA492E806E94FF /* GoogleCloudMessaging.h */ = {isa = PBXFileReference; explicitFileType = undefined; fileEncoding = 4; includeInIndex = 0; lastKnownFileType = sourcecode.c.h; name = GoogleCloudMessaging.h; path = "phonegap-plugin-push/GCM/Headers/GoogleCloudMessaging.h"; sourceTree = "<group>"; };
		44402D6A3AC646758CB99852 /* libGTM_AddressBook.a */ = {isa = PBXFileReference; explicitFileType = undefined; fileEncoding = 9; includeInIndex = 0; lastKnownFileType = archive.ar; name = libGTM_AddressBook.a; path = "Ruby China/Plugins/phonegap-plugin-push/GCM/Libraries/libGTM_AddressBook.a"; sourceTree = "<group>"; };
		4CBF1BF36F764E5B8C6075AC /* GGLInstanceIDHeaders.h */ = {isa = PBXFileReference; explicitFileType = undefined; fileEncoding = 4; includeInIndex = 0; lastKnownFileType = sourcecode.c.h; name = GGLInstanceIDHeaders.h; path = "phonegap-plugin-push/GCM/Headers/GGLInstanceIDHeaders.h"; sourceTree = "<group>"; };
		4F7D8A3A921E4DEE8B4CDC26 /* GGLErrorCode.h */ = {isa = PBXFileReference; explicitFileType = undefined; fileEncoding = 4; includeInIndex = 0; lastKnownFileType = sourcecode.c.h; name = GGLErrorCode.h; path = "phonegap-plugin-push/GCM/Headers/GGLErrorCode.h"; sourceTree = "<group>"; };
		51A1B71087E543CB89FCCE05 /* CDVDevice.m */ = {isa = PBXFileReference; explicitFileType = undefined; fileEncoding = 4; includeInIndex = 0; lastKnownFileType = sourcecode.c.objc; name = CDVDevice.m; path = "cordova-plugin-device/CDVDevice.m"; sourceTree = "<group>"; };
		57F3783D8FFB4C6AADB64E0C /* AppVersion.m */ = {isa = PBXFileReference; explicitFileType = undefined; fileEncoding = 4; includeInIndex = 0; lastKnownFileType = sourcecode.c.objc; name = AppVersion.m; path = "cordova-plugin-app-version/AppVersion.m"; sourceTree = "<group>"; };
		59FEACFADD754A4898D0FCAD /* libGGLCloudMessaging.a */ = {isa = PBXFileReference; explicitFileType = undefined; fileEncoding = 9; includeInIndex = 0; lastKnownFileType = archive.ar; name = libGGLCloudMessaging.a; path = "Ruby China/Plugins/phonegap-plugin-push/GCM/Libraries/libGGLCloudMessaging.a"; sourceTree = "<group>"; };
		6077FF4EA92242E183D22A34 /* GGLInstanceIDConfig.h */ = {isa = PBXFileReference; explicitFileType = undefined; fileEncoding = 4; includeInIndex = 0; lastKnownFileType = sourcecode.c.h; name = GGLInstanceIDConfig.h; path = "phonegap-plugin-push/GCM/Headers/GGLInstanceIDConfig.h"; sourceTree = "<group>"; };
		70A608C67EDB474A9E7C97F8 /* libGIP_Reachability.a */ = {isa = PBXFileReference; explicitFileType = undefined; fileEncoding = 9; includeInIndex = 0; lastKnownFileType = archive.ar; name = libGIP_Reachability.a; path = "Ruby China/Plugins/phonegap-plugin-push/GCM/Libraries/libGIP_Reachability.a"; sourceTree = "<group>"; };
		726D0F2311804EB1B822C799 /* libz.tbd */ = {isa = PBXFileReference; explicitFileType = undefined; fileEncoding = 9; includeInIndex = 0; lastKnownFileType = unknown; path = libz.tbd; sourceTree = "<group>"; };
		84FC1038D89A4B64B0692178 /* libGTM_StringEncoding.a */ = {isa = PBXFileReference; explicitFileType = undefined; fileEncoding = 9; includeInIndex = 0; lastKnownFileType = archive.ar; name = libGTM_StringEncoding.a; path = "Ruby China/Plugins/phonegap-plugin-push/GCM/Libraries/libGTM_StringEncoding.a"; sourceTree = "<group>"; };
		859FCD5493924E059497AF10 /* libGTMSessionFetcher_core.a */ = {isa = PBXFileReference; explicitFileType = undefined; fileEncoding = 9; includeInIndex = 0; lastKnownFileType = archive.ar; name = libGTMSessionFetcher_core.a; path = "Ruby China/Plugins/phonegap-plugin-push/GCM/Libraries/libGTMSessionFetcher_core.a"; sourceTree = "<group>"; };
		85E5598A2C0B4FE6AA33D744 /* libGGLInstanceIDLib.a */ = {isa = PBXFileReference; explicitFileType = undefined; fileEncoding = 9; includeInIndex = 0; lastKnownFileType = archive.ar; name = libGGLInstanceIDLib.a; path = "Ruby China/Plugins/phonegap-plugin-push/GCM/Libraries/libGGLInstanceIDLib.a"; sourceTree = "<group>"; };
		85F0ADE966ED4A3099949181 /* SafariViewController.m */ = {isa = PBXFileReference; explicitFileType = undefined; fileEncoding = 4; includeInIndex = 0; lastKnownFileType = sourcecode.c.objc; name = SafariViewController.m; path = "cordova-plugin-safariviewcontroller/SafariViewController.m"; sourceTree = "<group>"; };
		87416149D4114559BCB7A499 /* AppVersion.h */ = {isa = PBXFileReference; explicitFileType = undefined; fileEncoding = 4; includeInIndex = 0; lastKnownFileType = sourcecode.c.h; name = AppVersion.h; path = "cordova-plugin-app-version/AppVersion.h"; sourceTree = "<group>"; };
		87F4EBA58DF44F6CB404420A /* GGLContext.h */ = {isa = PBXFileReference; explicitFileType = undefined; fileEncoding = 4; includeInIndex = 0; lastKnownFileType = sourcecode.c.h; name = GGLContext.h; path = "phonegap-plugin-push/GCM/Headers/GGLContext.h"; sourceTree = "<group>"; };
		8B7E7CC5CC194415ADEA2ED6 /* libsqlite3.tbd */ = {isa = PBXFileReference; explicitFileType = undefined; fileEncoding = 9; includeInIndex = 0; lastKnownFileType = unknown; path = libsqlite3.tbd; sourceTree = "<group>"; };
		8D1107310486CEB800E47090 /* Ruby China-Info.plist */ = {isa = PBXFileReference; fileEncoding = 4; lastKnownFileType = text.plist.xml; name = "Ruby China-Info.plist"; path = "Ruby China/Ruby China-Info.plist"; plistStructureDefinitionIdentifier = "com.apple.xcode.plist.structure-definition.iphone.info-plist"; sourceTree = SOURCE_ROOT; };
		91DD8C099BA04B3797441016 /* PushPlugin.h */ = {isa = PBXFileReference; explicitFileType = undefined; fileEncoding = 4; includeInIndex = 0; lastKnownFileType = sourcecode.c.h; name = PushPlugin.h; path = "phonegap-plugin-push/PushPlugin.h"; sourceTree = "<group>"; };
		9932A1F910674F8CB45A00B4 /* libGTM_DebugUtils.a */ = {isa = PBXFileReference; explicitFileType = undefined; fileEncoding = 9; includeInIndex = 0; lastKnownFileType = archive.ar; name = libGTM_DebugUtils.a; path = "Ruby China/Plugins/phonegap-plugin-push/GCM/Libraries/libGTM_DebugUtils.a"; sourceTree = "<group>"; };
		9B14F404C2BD49FFA4F709E7 /* libGTM_iPhone.a */ = {isa = PBXFileReference; explicitFileType = undefined; fileEncoding = 9; includeInIndex = 0; lastKnownFileType = archive.ar; name = libGTM_iPhone.a; path = "Ruby China/Plugins/phonegap-plugin-push/GCM/Libraries/libGTM_iPhone.a"; sourceTree = "<group>"; };
		A0FB90F36B014300BD9D0299 /* libGTM_Regex.a */ = {isa = PBXFileReference; explicitFileType = undefined; fileEncoding = 9; includeInIndex = 0; lastKnownFileType = archive.ar; name = libGTM_Regex.a; path = "Ruby China/Plugins/phonegap-plugin-push/GCM/Libraries/libGTM_Regex.a"; sourceTree = "<group>"; };
		A4AC4ED04AB945049F312E22 /* AppDelegate+notification.h */ = {isa = PBXFileReference; explicitFileType = undefined; fileEncoding = 4; includeInIndex = 0; lastKnownFileType = sourcecode.c.h; name = "AppDelegate+notification.h"; path = "phonegap-plugin-push/AppDelegate+notification.h"; sourceTree = "<group>"; };
		A9006BEBC6AA4FEF9E5069CB /* SafariServices.framework */ = {isa = PBXFileReference; explicitFileType = undefined; fileEncoding = 9; includeInIndex = 0; lastKnownFileType = wrapper.framework; name = SafariServices.framework; path = System/Library/Frameworks/SafariServices.framework; sourceTree = SDKROOT; };
		A99B535BBDBE4C478F6CE4A3 /* libGTM_NSData+zlib.a */ = {isa = PBXFileReference; explicitFileType = undefined; fileEncoding = 9; includeInIndex = 0; lastKnownFileType = archive.ar; name = "libGTM_NSData+zlib.a"; path = "Ruby China/Plugins/phonegap-plugin-push/GCM/Libraries/libGTM_NSData+zlib.a"; sourceTree = "<group>"; };
		AAC14B2CABB64E939E64AF00 /* GCMPubSub.h */ = {isa = PBXFileReference; explicitFileType = undefined; fileEncoding = 4; includeInIndex = 0; lastKnownFileType = sourcecode.c.h; name = GCMPubSub.h; path = "phonegap-plugin-push/GCM/Headers/GCMPubSub.h"; sourceTree = "<group>"; };
		AC338B1E0896405A9D8E7045 /* GGLInstanceID.h */ = {isa = PBXFileReference; explicitFileType = undefined; fileEncoding = 4; includeInIndex = 0; lastKnownFileType = sourcecode.c.h; name = GGLInstanceID.h; path = "phonegap-plugin-push/GCM/Headers/GGLInstanceID.h"; sourceTree = "<group>"; };
		AC8AD3CE140241A38DAA2534 /* libGTM_UIFont+LineHeight.a */ = {isa = PBXFileReference; explicitFileType = undefined; fileEncoding = 9; includeInIndex = 0; lastKnownFileType = archive.ar; name = "libGTM_UIFont+LineHeight.a"; path = "Ruby China/Plugins/phonegap-plugin-push/GCM/Libraries/libGTM_UIFont+LineHeight.a"; sourceTree = "<group>"; };
		ADC74CC9CDED4E62908889B6 /* PushPlugin.m */ = {isa = PBXFileReference; explicitFileType = undefined; fileEncoding = 4; includeInIndex = 0; lastKnownFileType = sourcecode.c.objc; name = PushPlugin.m; path = "phonegap-plugin-push/PushPlugin.m"; sourceTree = "<group>"; };
		AF5ABE70E5664E7FA30142D7 /* libGTM_NSStringHTML.a */ = {isa = PBXFileReference; explicitFileType = undefined; fileEncoding = 9; includeInIndex = 0; lastKnownFileType = archive.ar; name = libGTM_NSStringHTML.a; path = "Ruby China/Plugins/phonegap-plugin-push/GCM/Libraries/libGTM_NSStringHTML.a"; sourceTree = "<group>"; };
		B9C2A02CA65F4E3AAED64405 /* GGLInstanceIDDelegate.h */ = {isa = PBXFileReference; explicitFileType = undefined; fileEncoding = 4; includeInIndex = 0; lastKnownFileType = sourcecode.c.h; name = GGLInstanceIDDelegate.h; path = "phonegap-plugin-push/GCM/Headers/GGLInstanceIDDelegate.h"; sourceTree = "<group>"; };
		BA10D29C3AE14BBE9B038F47 /* libGTMStackTrace.a */ = {isa = PBXFileReference; explicitFileType = undefined; fileEncoding = 9; includeInIndex = 0; lastKnownFileType = archive.ar; name = libGTMStackTrace.a; path = "Ruby China/Plugins/phonegap-plugin-push/GCM/Libraries/libGTMStackTrace.a"; sourceTree = "<group>"; };
		BD8FD08DD33D40D19620E25F /* libGTM_core.a */ = {isa = PBXFileReference; explicitFileType = undefined; fileEncoding = 9; includeInIndex = 0; lastKnownFileType = archive.ar; name = libGTM_core.a; path = "Ruby China/Plugins/phonegap-plugin-push/GCM/Libraries/libGTM_core.a"; sourceTree = "<group>"; };
		C57C892566774FE4B46A8F68 /* GGLContext+CloudMessaging.h */ = {isa = PBXFileReference; explicitFileType = undefined; fileEncoding = 4; includeInIndex = 0; lastKnownFileType = sourcecode.c.h; name = "GGLContext+CloudMessaging.h"; path = "phonegap-plugin-push/GCM/Headers/GGLContext+CloudMessaging.h"; sourceTree = "<group>"; };
		CFDF1B9C17C94F918ED2212E /* libGTMSessionFetcher_full.a */ = {isa = PBXFileReference; explicitFileType = undefined; fileEncoding = 9; includeInIndex = 0; lastKnownFileType = archive.ar; name = libGTMSessionFetcher_full.a; path = "Ruby China/Plugins/phonegap-plugin-push/GCM/Libraries/libGTMSessionFetcher_full.a"; sourceTree = "<group>"; };
		D80836EA970545E2BA238820 /* AppDelegate+notification.m */ = {isa = PBXFileReference; explicitFileType = undefined; fileEncoding = 4; includeInIndex = 0; lastKnownFileType = sourcecode.c.objc; name = "AppDelegate+notification.m"; path = "phonegap-plugin-push/AppDelegate+notification.m"; sourceTree = "<group>"; };
		DDEE14D9D85C43FE921BAFAE /* CDVStatusBar.m */ = {isa = PBXFileReference; explicitFileType = undefined; fileEncoding = 4; includeInIndex = 0; lastKnownFileType = sourcecode.c.objc; name = CDVStatusBar.m; path = "cordova-plugin-statusbar/CDVStatusBar.m"; sourceTree = "<group>"; };
		E1B9B7336CAA40439362C9A9 /* libGTM_NSDictionary+URLArguments.a */ = {isa = PBXFileReference; explicitFileType = undefined; fileEncoding = 9; includeInIndex = 0; lastKnownFileType = archive.ar; name = "libGTM_NSDictionary+URLArguments.a"; path = "Ruby China/Plugins/phonegap-plugin-push/GCM/Libraries/libGTM_NSDictionary+URLArguments.a"; sourceTree = "<group>"; };
		E77EFA59EE154A3D9B80ACAA /* libGTM_NSScannerJSON.a */ = {isa = PBXFileReference; explicitFileType = undefined; fileEncoding = 9; includeInIndex = 0; lastKnownFileType = archive.ar; name = libGTM_NSScannerJSON.a; path = "Ruby China/Plugins/phonegap-plugin-push/GCM/Libraries/libGTM_NSScannerJSON.a"; sourceTree = "<group>"; };
		EB87FDF31871DA8E0020F90C /* www */ = {isa = PBXFileReference; lastKnownFileType = folder; name = www; path = ../../www; sourceTree = "<group>"; };
		EB87FDF41871DAF40020F90C /* config.xml */ = {isa = PBXFileReference; lastKnownFileType = text.xml; name = config.xml; path = ../../config.xml; sourceTree = "<group>"; };
		EC9DF49ADA1747CBB474177D /* GCMConfig.h */ = {isa = PBXFileReference; explicitFileType = undefined; fileEncoding = 4; includeInIndex = 0; lastKnownFileType = sourcecode.c.h; name = GCMConfig.h; path = "phonegap-plugin-push/GCM/Headers/GCMConfig.h"; sourceTree = "<group>"; };
		ED33DF2A687741AEAF9F8254 /* Bridging-Header.h */ = {isa = PBXFileReference; fileEncoding = 4; lastKnownFileType = sourcecode.c.h; path = "Bridging-Header.h"; sourceTree = "<group>"; };
		F1A0548B3E2B4F4F8F97DE59 /* libGcmLib.a */ = {isa = PBXFileReference; explicitFileType = undefined; fileEncoding = 9; includeInIndex = 0; lastKnownFileType = archive.ar; name = libGcmLib.a; path = "Ruby China/Plugins/phonegap-plugin-push/GCM/Libraries/libGcmLib.a"; sourceTree = "<group>"; };
		F5704DD1226C4BE09BE20703 /* libProtocolBuffers.a */ = {isa = PBXFileReference; explicitFileType = undefined; fileEncoding = 9; includeInIndex = 0; lastKnownFileType = archive.ar; name = libProtocolBuffers.a; path = "Ruby China/Plugins/phonegap-plugin-push/GCM/Libraries/libProtocolBuffers.a"; sourceTree = "<group>"; };
		F58B471175E74A499C3E9D87 /* AddressBook.framework */ = {isa = PBXFileReference; explicitFileType = undefined; fileEncoding = 9; includeInIndex = 0; lastKnownFileType = wrapper.framework; name = AddressBook.framework; path = System/Library/Frameworks/AddressBook.framework; sourceTree = SDKROOT; };
		F840E1F0165FE0F500CFE078 /* config.xml */ = {isa = PBXFileReference; lastKnownFileType = text.xml; name = config.xml; path = "Ruby China/config.xml"; sourceTree = "<group>"; };
/* End PBXFileReference section */

/* Begin PBXFrameworksBuildPhase section */
		1D60588F0D05DD3D006BFB54 /* Frameworks */ = {
			isa = PBXFrameworksBuildPhase;
			buildActionMask = 2147483647;
			files = (
				301BF552109A68D80062928A /* libCordova.a in Frameworks */,
				E4A1E8A70F0D400589A95B01 /* SafariServices.framework in Frameworks */,
				8647FD6A69C2401595325525 /* libGGLCloudMessaging.a in Frameworks */,
				5DB4CECD77BB41CEB62A56E3 /* libGGLCore.a in Frameworks */,
				6B9C33D0AF364BF4B4007511 /* libGGLInstanceIDLib.a in Frameworks */,
				1EAEB5E6660C41CEA85D978D /* libGIP_Reachability.a in Frameworks */,
				AEC6F96B7DB3486E80124B33 /* libGSDK_Overload.a in Frameworks */,
				2432C7E2CD49414B9A2AAB7C /* libGTMSessionFetcher_core.a in Frameworks */,
				17E5AC091EC94580A8CB9A8F /* libGTMSessionFetcher_full.a in Frameworks */,
				2B96F5A8071A46D98E5C6C31 /* libGTMStackTrace.a in Frameworks */,
				507E17A5B98549E6979B9C5C /* libGTM_AddressBook.a in Frameworks */,
				445A7DDCD4914D618A733C08 /* libGTM_DebugUtils.a in Frameworks */,
				CE6D05CA3AE9426D9F514E2C /* libGTM_GTMURLBuilder.a in Frameworks */,
				394589515C3F488CBD01BE63 /* libGTM_KVO.a in Frameworks */,
				4203D8BE587344B3B15A74B2 /* libGTM_NSData+zlib.a in Frameworks */,
				CFC7B4E8AD3544828747D631 /* libGTM_NSDictionary+URLArguments.a in Frameworks */,
				93E049120A1748A581A3361E /* libGTM_NSScannerJSON.a in Frameworks */,
				4D8EDC69C9CB4BF0A1A8C475 /* libGTM_NSStringHTML.a in Frameworks */,
				1AE0400BFA084F91ACBE3F95 /* libGTM_NSStringXML.a in Frameworks */,
				D4F6540C348B401381813D22 /* libGTM_Regex.a in Frameworks */,
				195F6A62674B4819BE1B6372 /* libGTM_RoundedRectPath.a in Frameworks */,
				613670021DAF4B538446B004 /* libGTM_StringEncoding.a in Frameworks */,
				29A1D3FA10F747ABAE0A1C35 /* libGTM_SystemVersion.a in Frameworks */,
				0EF69C1DD0DD4CAA893220F5 /* libGTM_UIFont+LineHeight.a in Frameworks */,
				CF43460B4C9742F0A4CC1B8B /* libGTM_core.a in Frameworks */,
				40D389E3F13E4E839EADC171 /* libGTM_iPhone.a in Frameworks */,
				1DA9333AA1174DB29DFF28D9 /* libGcmLib.a in Frameworks */,
				D563E93BE0AE40A18A541584 /* libProtocolBuffers.a in Frameworks */,
				49017EBA7087426F88007E95 /* AddressBook.framework in Frameworks */,
				BD89313390A447FA8ACC8B5F /* libsqlite3.tbd in Frameworks */,
				0BFAA1F0D3BC4E9FBD9EC29B /* libz.tbd in Frameworks */,
			);
			runOnlyForDeploymentPostprocessing = 0;
		};
/* End PBXFrameworksBuildPhase section */

/* Begin PBXGroup section */
		080E96DDFE201D6D7F000001 /* Classes */ = {
			isa = PBXGroup;
			children = (
				302D95EE14D2391D003F00A1 /* MainViewController.h */,
				302D95EF14D2391D003F00A1 /* MainViewController.m */,
				302D95F014D2391D003F00A1 /* MainViewController.xib */,
				1D3623240D0F684500981E51 /* AppDelegate.h */,
				1D3623250D0F684500981E51 /* AppDelegate.m */,
			);
			name = Classes;
			path = "Ruby China/Classes";
			sourceTree = SOURCE_ROOT;
		};
		19C28FACFE9D520D11CA2CBB /* Products */ = {
			isa = PBXGroup;
			children = (
				1D6058910D05DD3D006BFB54 /* Ruby China.app */,
			);
			name = Products;
			sourceTree = "<group>";
		};
		29B97314FDCFA39411CA2CEA /* CustomTemplate */ = {
			isa = PBXGroup;
			children = (
				EB87FDF41871DAF40020F90C /* config.xml */,
				EB87FDF31871DA8E0020F90C /* www */,
				EB87FDF11871DA420020F90C /* Staging */,
				301BF52D109A57CC0062928A /* CordovaLib.xcodeproj */,
				080E96DDFE201D6D7F000001 /* Classes */,
				307C750510C5A3420062BCA9 /* Plugins */,
				29B97315FDCFA39411CA2CEA /* Other Sources */,
				29B97317FDCFA39411CA2CEA /* Resources */,
				29B97323FDCFA39411CA2CEA /* Frameworks */,
				19C28FACFE9D520D11CA2CBB /* Products */,
			);
			name = CustomTemplate;
			sourceTree = "<group>";
		};
		29B97315FDCFA39411CA2CEA /* Other Sources */ = {
			isa = PBXGroup;
			children = (
				32CA4F630368D1EE00C91783 /* Ruby China-Prefix.pch */,
				29B97316FDCFA39411CA2CEA /* main.m */,
				ED33DF2A687741AEAF9F8254 /* Bridging-Header.h */,
			);
			name = "Other Sources";
			path = "Ruby China";
			sourceTree = "<group>";
		};
		29B97317FDCFA39411CA2CEA /* Resources */ = {
			isa = PBXGroup;
			children = (
				0207DA571B56EA530066E2B4 /* Images.xcassets */,
				3047A50E1AB8057F00498E2A /* config */,
				8D1107310486CEB800E47090 /* Ruby China-Info.plist */,
			);
			name = Resources;
			path = "Ruby China/Resources";
			sourceTree = "<group>";
		};
		29B97323FDCFA39411CA2CEA /* Frameworks */ = {
			isa = PBXGroup;
			children = (
				A9006BEBC6AA4FEF9E5069CB /* SafariServices.framework */,
				59FEACFADD754A4898D0FCAD /* libGGLCloudMessaging.a */,
				03DDC03D91744C54A3F6C44E /* libGGLCore.a */,
				85E5598A2C0B4FE6AA33D744 /* libGGLInstanceIDLib.a */,
				70A608C67EDB474A9E7C97F8 /* libGIP_Reachability.a */,
				2BA86FBFAC294FFFBC8A6381 /* libGSDK_Overload.a */,
				859FCD5493924E059497AF10 /* libGTMSessionFetcher_core.a */,
				CFDF1B9C17C94F918ED2212E /* libGTMSessionFetcher_full.a */,
				BA10D29C3AE14BBE9B038F47 /* libGTMStackTrace.a */,
				44402D6A3AC646758CB99852 /* libGTM_AddressBook.a */,
				9932A1F910674F8CB45A00B4 /* libGTM_DebugUtils.a */,
				1F5DD9161DE14A9782390629 /* libGTM_GTMURLBuilder.a */,
				1BA45EDCCE0C4EB2BC51B183 /* libGTM_KVO.a */,
				A99B535BBDBE4C478F6CE4A3 /* libGTM_NSData+zlib.a */,
				E1B9B7336CAA40439362C9A9 /* libGTM_NSDictionary+URLArguments.a */,
				E77EFA59EE154A3D9B80ACAA /* libGTM_NSScannerJSON.a */,
				AF5ABE70E5664E7FA30142D7 /* libGTM_NSStringHTML.a */,
				37CC7C73078C473DBD9BC455 /* libGTM_NSStringXML.a */,
				A0FB90F36B014300BD9D0299 /* libGTM_Regex.a */,
				2856B91B8E35484A82EFA885 /* libGTM_RoundedRectPath.a */,
				84FC1038D89A4B64B0692178 /* libGTM_StringEncoding.a */,
				10963D6B71C34CCB9868CAFA /* libGTM_SystemVersion.a */,
				AC8AD3CE140241A38DAA2534 /* libGTM_UIFont+LineHeight.a */,
				BD8FD08DD33D40D19620E25F /* libGTM_core.a */,
				9B14F404C2BD49FFA4F709E7 /* libGTM_iPhone.a */,
				F1A0548B3E2B4F4F8F97DE59 /* libGcmLib.a */,
				F5704DD1226C4BE09BE20703 /* libProtocolBuffers.a */,
				F58B471175E74A499C3E9D87 /* AddressBook.framework */,
				8B7E7CC5CC194415ADEA2ED6 /* libsqlite3.tbd */,
				726D0F2311804EB1B822C799 /* libz.tbd */,
			);
			name = Frameworks;
			sourceTree = "<group>";
		};
		301BF52E109A57CC0062928A /* Products */ = {
			isa = PBXGroup;
			children = (
				301BF535109A57CC0062928A /* libCordova.a */,
			);
			name = Products;
			sourceTree = "<group>";
		};
		3047A50E1AB8057F00498E2A /* config */ = {
			isa = PBXGroup;
			children = (
				3047A50F1AB8059700498E2A /* build-debug.xcconfig */,
				3047A5101AB8059700498E2A /* build-release.xcconfig */,
				3047A5111AB8059700498E2A /* build.xcconfig */,
			);
			name = config;
			sourceTree = "<group>";
		};
		307C750510C5A3420062BCA9 /* Plugins */ = {
			isa = PBXGroup;
			children = (
				57F3783D8FFB4C6AADB64E0C /* AppVersion.m */,
				87416149D4114559BCB7A499 /* AppVersion.h */,
				51A1B71087E543CB89FCCE05 /* CDVDevice.m */,
				0276E334E5D34BB0856E2BFB /* CDVDevice.h */,
				85F0ADE966ED4A3099949181 /* SafariViewController.m */,
				3164D2F77BFA43F591A26C58 /* SafariViewController.h */,
				DDEE14D9D85C43FE921BAFAE /* CDVStatusBar.m */,
				32ABCCAAB8FF44BE94D6E4DF /* CDVStatusBar.h */,
				D80836EA970545E2BA238820 /* AppDelegate+notification.m */,
				ADC74CC9CDED4E62908889B6 /* PushPlugin.m */,
				A4AC4ED04AB945049F312E22 /* AppDelegate+notification.h */,
				91DD8C099BA04B3797441016 /* PushPlugin.h */,
				AC338B1E0896405A9D8E7045 /* GGLInstanceID.h */,
				6077FF4EA92242E183D22A34 /* GGLInstanceIDConfig.h */,
				B9C2A02CA65F4E3AAED64405 /* GGLInstanceIDDelegate.h */,
				4CBF1BF36F764E5B8C6075AC /* GGLInstanceIDHeaders.h */,
				10FBDC5611084EE0B25BD3BF /* CloudMessaging.h */,
				C57C892566774FE4B46A8F68 /* GGLContext+CloudMessaging.h */,
				3648A2C03BB9471D80936CB4 /* Core.h */,
				33A85E6F2D1442D7B65DD67F /* GGLConfiguration.h */,
				87F4EBA58DF44F6CB404420A /* GGLContext.h */,
				4F7D8A3A921E4DEE8B4CDC26 /* GGLErrorCode.h */,
				EC9DF49ADA1747CBB474177D /* GCMConfig.h */,
				AAC14B2CABB64E939E64AF00 /* GCMPubSub.h */,
				243403CBCD144BD4AD7AF125 /* GCMReceiverDelegate.h */,
				347E6AC7C9F34517929376B8 /* GCMService.h */,
				436C2ED0E8EA492E806E94FF /* GoogleCloudMessaging.h */,
			);
			name = Plugins;
			path = "Ruby China/Plugins";
			sourceTree = SOURCE_ROOT;
		};
		EB87FDF11871DA420020F90C /* Staging */ = {
			isa = PBXGroup;
			children = (
				F840E1F0165FE0F500CFE078 /* config.xml */,
				301BF56E109A69640062928A /* www */,
			);
			name = Staging;
			sourceTree = "<group>";
		};
/* End PBXGroup section */

/* Begin PBXNativeTarget section */
		1D6058900D05DD3D006BFB54 /* Ruby China */ = {
			isa = PBXNativeTarget;
			buildConfigurationList = 1D6058960D05DD3E006BFB54 /* Build configuration list for PBXNativeTarget "Ruby China" */;
			buildPhases = (
				304B58A110DAC018002A0835 /* Copy www directory */,
				1D60588D0D05DD3D006BFB54 /* Resources */,
				1D60588E0D05DD3D006BFB54 /* Sources */,
				1D60588F0D05DD3D006BFB54 /* Frameworks */,
			);
			buildRules = (
			);
			dependencies = (
				301BF551109A68C00062928A /* PBXTargetDependency */,
			);
			name = "Ruby China";
			productName = "Ruby China";
			productReference = 1D6058910D05DD3D006BFB54 /* Ruby China.app */;
			productType = "com.apple.product-type.application";
		};
/* End PBXNativeTarget section */

/* Begin PBXProject section */
		29B97313FDCFA39411CA2CEA /* Project object */ = {
			isa = PBXProject;
			attributes = {
				LastUpgradeCheck = 510;
				TargetAttributes = {
					1D6058900D05DD3D006BFB54 = {
						DevelopmentTeam = A38T799N53;
						SystemCapabilities = {
							com.apple.Push = {
								enabled = 1;
							};
						};
					};
				};
			};
			buildConfigurationList = C01FCF4E08A954540054247B /* Build configuration list for PBXProject "Ruby China" */;
			compatibilityVersion = "Xcode 3.2";
			developmentRegion = English;
			hasScannedForEncodings = 1;
			knownRegions = (
				en,
			);
			mainGroup = 29B97314FDCFA39411CA2CEA /* CustomTemplate */;
			projectDirPath = "";
			projectReferences = (
				{
					ProductGroup = 301BF52E109A57CC0062928A /* Products */;
					ProjectRef = 301BF52D109A57CC0062928A /* CordovaLib.xcodeproj */;
				},
			);
			projectRoot = "";
			targets = (
				1D6058900D05DD3D006BFB54 /* Ruby China */,
			);
		};
/* End PBXProject section */

/* Begin PBXReferenceProxy section */
		301BF535109A57CC0062928A /* libCordova.a */ = {
			isa = PBXReferenceProxy;
			fileType = archive.ar;
			path = libCordova.a;
			remoteRef = 301BF534109A57CC0062928A /* PBXContainerItemProxy */;
			sourceTree = BUILT_PRODUCTS_DIR;
		};
/* End PBXReferenceProxy section */

/* Begin PBXResourcesBuildPhase section */
		1D60588D0D05DD3D006BFB54 /* Resources */ = {
			isa = PBXResourcesBuildPhase;
			buildActionMask = 2147483647;
			files = (
				302D95F214D2391D003F00A1 /* MainViewController.xib in Resources */,
				3047A5131AB8059700498E2A /* build-release.xcconfig in Resources */,
				3047A5141AB8059700498E2A /* build.xcconfig in Resources */,
				0207DA581B56EA530066E2B4 /* Images.xcassets in Resources */,
				3047A5121AB8059700498E2A /* build-debug.xcconfig in Resources */,
			);
			runOnlyForDeploymentPostprocessing = 0;
		};
/* End PBXResourcesBuildPhase section */

/* Begin PBXShellScriptBuildPhase section */
		304B58A110DAC018002A0835 /* Copy www directory */ = {
			isa = PBXShellScriptBuildPhase;
			buildActionMask = 2147483647;
			files = (
			);
			inputPaths = (
			);
			name = "Copy www directory";
			outputPaths = (
			);
			runOnlyForDeploymentPostprocessing = 0;
			shellPath = /bin/sh;
			shellScript = "NODEJS_PATH=/usr/local/bin; NVM_NODE_PATH=~/.nvm/versions/node/`nvm version 2>/dev/null`/bin; N_NODE_PATH=`find /usr/local/n/versions/node/* -maxdepth 0 -type d 2>/dev/null | tail -1`/bin; XCODE_NODE_PATH=`xcode-select --print-path`/usr/share/xcs/Node/bin; PATH=$NODEJS_PATH:$NVM_NODE_PATH:$N_NODE_PATH:$XCODE_NODE_PATH:$PATH && node cordova/lib/copy-www-build-step.js";
			showEnvVarsInLog = 0;
		};
/* End PBXShellScriptBuildPhase section */

/* Begin PBXSourcesBuildPhase section */
		1D60588E0D05DD3D006BFB54 /* Sources */ = {
			isa = PBXSourcesBuildPhase;
			buildActionMask = 2147483647;
			files = (
				1D60589B0D05DD56006BFB54 /* main.m in Sources */,
				1D3623260D0F684500981E51 /* AppDelegate.m in Sources */,
				302D95F114D2391D003F00A1 /* MainViewController.m in Sources */,
				5E8B28EF92B74DCE9303FFB2 /* AppVersion.m in Sources */,
				B50330B12A934998B76B4BA2 /* CDVDevice.m in Sources */,
				16C1122A08514864ABD99EE2 /* SafariViewController.m in Sources */,
				BC6895B6261E44BCA6198FB3 /* CDVStatusBar.m in Sources */,
				A4B5BF25A9F44D838446A6D2 /* AppDelegate+notification.m in Sources */,
				1DF836BC94374C158F372040 /* PushPlugin.m in Sources */,
			);
			runOnlyForDeploymentPostprocessing = 0;
		};
/* End PBXSourcesBuildPhase section */

/* Begin PBXTargetDependency section */
		301BF551109A68C00062928A /* PBXTargetDependency */ = {
			isa = PBXTargetDependency;
			name = CordovaLib;
			targetProxy = 301BF550109A68C00062928A /* PBXContainerItemProxy */;
		};
/* End PBXTargetDependency section */

/* Begin XCBuildConfiguration section */
		1D6058940D05DD3E006BFB54 /* Debug */ = {
			isa = XCBuildConfiguration;
			baseConfigurationReference = 3047A50F1AB8059700498E2A /* build-debug.xcconfig */;
			buildSettings = {
				ALWAYS_SEARCH_USER_PATHS = NO;
				ASSETCATALOG_COMPILER_APPICON_NAME = AppIcon;
				ASSETCATALOG_COMPILER_LAUNCHIMAGE_NAME = LaunchImage;
				CLANG_ENABLE_MODULES = YES;
				CLANG_ENABLE_OBJC_ARC = YES;
				CODE_SIGN_IDENTITY = "iPhone Developer";
				COPY_PHASE_STRIP = NO;
				GCC_DYNAMIC_NO_PIC = NO;
				GCC_OPTIMIZATION_LEVEL = 0;
				GCC_PRECOMPILE_PREFIX_HEADER = YES;
				GCC_PREFIX_HEADER = "Ruby China/Ruby China-Prefix.pch";
				GCC_THUMB_SUPPORT = NO;
				GCC_VERSION = "";
				INFOPLIST_FILE = "Ruby China/Ruby China-Info.plist";
				IPHONEOS_DEPLOYMENT_TARGET = 9.3;
				LD_RUNPATH_SEARCH_PATHS = "@executable_path/Frameworks";
				LIBRARY_SEARCH_PATHS = (
					"$(inherited)",
					"\"$(SRCROOT)/Ruby China/Plugins/phonegap-plugin-push/GCM/Libraries\"",
					"\"$(SRCROOT)/Ruby China/Plugins/phonegap-plugin-push/GCM/Libraries\"",
					"\"$(SRCROOT)/Ruby China/Plugins/phonegap-plugin-push/GCM/Libraries\"",
					"\"$(SRCROOT)/Ruby China/Plugins/phonegap-plugin-push/GCM/Libraries\"",
					"\"$(SRCROOT)/Ruby China/Plugins/phonegap-plugin-push/GCM/Libraries\"",
					"\"$(SRCROOT)/Ruby China/Plugins/phonegap-plugin-push/GCM/Libraries\"",
					"\"$(SRCROOT)/Ruby China/Plugins/phonegap-plugin-push/GCM/Libraries\"",
					"\"$(SRCROOT)/Ruby China/Plugins/phonegap-plugin-push/GCM/Libraries\"",
					"\"$(SRCROOT)/Ruby China/Plugins/phonegap-plugin-push/GCM/Libraries\"",
					"\"$(SRCROOT)/Ruby China/Plugins/phonegap-plugin-push/GCM/Libraries\"",
					"\"$(SRCROOT)/Ruby China/Plugins/phonegap-plugin-push/GCM/Libraries\"",
					"\"$(SRCROOT)/Ruby China/Plugins/phonegap-plugin-push/GCM/Libraries\"",
					"\"$(SRCROOT)/Ruby China/Plugins/phonegap-plugin-push/GCM/Libraries\"",
					"\"$(SRCROOT)/Ruby China/Plugins/phonegap-plugin-push/GCM/Libraries\"",
					"\"$(SRCROOT)/Ruby China/Plugins/phonegap-plugin-push/GCM/Libraries\"",
					"\"$(SRCROOT)/Ruby China/Plugins/phonegap-plugin-push/GCM/Libraries\"",
					"\"$(SRCROOT)/Ruby China/Plugins/phonegap-plugin-push/GCM/Libraries\"",
					"\"$(SRCROOT)/Ruby China/Plugins/phonegap-plugin-push/GCM/Libraries\"",
					"\"$(SRCROOT)/Ruby China/Plugins/phonegap-plugin-push/GCM/Libraries\"",
					"\"$(SRCROOT)/Ruby China/Plugins/phonegap-plugin-push/GCM/Libraries\"",
					"\"$(SRCROOT)/Ruby China/Plugins/phonegap-plugin-push/GCM/Libraries\"",
					"\"$(SRCROOT)/Ruby China/Plugins/phonegap-plugin-push/GCM/Libraries\"",
					"\"$(SRCROOT)/Ruby China/Plugins/phonegap-plugin-push/GCM/Libraries\"",
					"\"$(SRCROOT)/Ruby China/Plugins/phonegap-plugin-push/GCM/Libraries\"",
					"\"$(SRCROOT)/Ruby China/Plugins/phonegap-plugin-push/GCM/Libraries\"",
					"\"$(SRCROOT)/Ruby China/Plugins/phonegap-plugin-push/GCM/Libraries\"",
				);
				PRODUCT_NAME = "Ruby China";
				TARGETED_DEVICE_FAMILY = 1;
			};
			name = Debug;
		};
		1D6058950D05DD3E006BFB54 /* Release */ = {
			isa = XCBuildConfiguration;
			baseConfigurationReference = 3047A5101AB8059700498E2A /* build-release.xcconfig */;
			buildSettings = {
				ALWAYS_SEARCH_USER_PATHS = NO;
				ASSETCATALOG_COMPILER_APPICON_NAME = AppIcon;
				ASSETCATALOG_COMPILER_LAUNCHIMAGE_NAME = LaunchImage;
				CLANG_ENABLE_MODULES = YES;
				CLANG_ENABLE_OBJC_ARC = YES;
				CODE_SIGN_IDENTITY = "iPhone Developer";
				COPY_PHASE_STRIP = YES;
				GCC_PRECOMPILE_PREFIX_HEADER = YES;
				GCC_PREFIX_HEADER = "Ruby China/Ruby China-Prefix.pch";
				GCC_THUMB_SUPPORT = NO;
				GCC_VERSION = "";
				INFOPLIST_FILE = "Ruby China/Ruby China-Info.plist";
				IPHONEOS_DEPLOYMENT_TARGET = 9.3;
				LIBRARY_SEARCH_PATHS = (
					"$(inherited)",
					"\"$(SRCROOT)/Ruby China/Plugins/phonegap-plugin-push/GCM/Libraries\"",
					"\"$(SRCROOT)/Ruby China/Plugins/phonegap-plugin-push/GCM/Libraries\"",
					"\"$(SRCROOT)/Ruby China/Plugins/phonegap-plugin-push/GCM/Libraries\"",
					"\"$(SRCROOT)/Ruby China/Plugins/phonegap-plugin-push/GCM/Libraries\"",
					"\"$(SRCROOT)/Ruby China/Plugins/phonegap-plugin-push/GCM/Libraries\"",
					"\"$(SRCROOT)/Ruby China/Plugins/phonegap-plugin-push/GCM/Libraries\"",
					"\"$(SRCROOT)/Ruby China/Plugins/phonegap-plugin-push/GCM/Libraries\"",
					"\"$(SRCROOT)/Ruby China/Plugins/phonegap-plugin-push/GCM/Libraries\"",
					"\"$(SRCROOT)/Ruby China/Plugins/phonegap-plugin-push/GCM/Libraries\"",
					"\"$(SRCROOT)/Ruby China/Plugins/phonegap-plugin-push/GCM/Libraries\"",
					"\"$(SRCROOT)/Ruby China/Plugins/phonegap-plugin-push/GCM/Libraries\"",
					"\"$(SRCROOT)/Ruby China/Plugins/phonegap-plugin-push/GCM/Libraries\"",
					"\"$(SRCROOT)/Ruby China/Plugins/phonegap-plugin-push/GCM/Libraries\"",
					"\"$(SRCROOT)/Ruby China/Plugins/phonegap-plugin-push/GCM/Libraries\"",
					"\"$(SRCROOT)/Ruby China/Plugins/phonegap-plugin-push/GCM/Libraries\"",
					"\"$(SRCROOT)/Ruby China/Plugins/phonegap-plugin-push/GCM/Libraries\"",
					"\"$(SRCROOT)/Ruby China/Plugins/phonegap-plugin-push/GCM/Libraries\"",
					"\"$(SRCROOT)/Ruby China/Plugins/phonegap-plugin-push/GCM/Libraries\"",
					"\"$(SRCROOT)/Ruby China/Plugins/phonegap-plugin-push/GCM/Libraries\"",
					"\"$(SRCROOT)/Ruby China/Plugins/phonegap-plugin-push/GCM/Libraries\"",
					"\"$(SRCROOT)/Ruby China/Plugins/phonegap-plugin-push/GCM/Libraries\"",
					"\"$(SRCROOT)/Ruby China/Plugins/phonegap-plugin-push/GCM/Libraries\"",
					"\"$(SRCROOT)/Ruby China/Plugins/phonegap-plugin-push/GCM/Libraries\"",
					"\"$(SRCROOT)/Ruby China/Plugins/phonegap-plugin-push/GCM/Libraries\"",
					"\"$(SRCROOT)/Ruby China/Plugins/phonegap-plugin-push/GCM/Libraries\"",
					"\"$(SRCROOT)/Ruby China/Plugins/phonegap-plugin-push/GCM/Libraries\"",
				);
				PRODUCT_NAME = "Ruby China";
				TARGETED_DEVICE_FAMILY = 1;
			};
			name = Release;
		};
		C01FCF4F08A954540054247B /* Debug */ = {
			isa = XCBuildConfiguration;
			baseConfigurationReference = 3047A5111AB8059700498E2A /* build.xcconfig */;
			buildSettings = {
				CLANG_ENABLE_MODULES = YES;
				CLANG_ENABLE_OBJC_ARC = YES;
				CLANG_WARN_BOOL_CONVERSION = YES;
				CLANG_WARN_CONSTANT_CONVERSION = YES;
				CLANG_WARN_EMPTY_BODY = YES;
				CLANG_WARN_ENUM_CONVERSION = YES;
				CLANG_WARN_INT_CONVERSION = YES;
				CLANG_WARN__DUPLICATE_METHOD_MATCH = YES;
				GCC_C_LANGUAGE_STANDARD = c99;
				GCC_THUMB_SUPPORT = NO;
				GCC_VERSION = "";
				GCC_WARN_ABOUT_RETURN_TYPE = YES;
				GCC_WARN_UNDECLARED_SELECTOR = YES;
				GCC_WARN_UNINITIALIZED_AUTOS = YES;
				GCC_WARN_UNUSED_FUNCTION = YES;
				GCC_WARN_UNUSED_VARIABLE = YES;
				ONLY_ACTIVE_ARCH = YES;
				SDKROOT = iphoneos;
				SKIP_INSTALL = NO;
				TARGETED_DEVICE_FAMILY = 1;
			};
			name = Debug;
		};
		C01FCF5008A954540054247B /* Release */ = {
			isa = XCBuildConfiguration;
			baseConfigurationReference = 3047A5111AB8059700498E2A /* build.xcconfig */;
			buildSettings = {
				CLANG_ENABLE_MODULES = YES;
				CLANG_ENABLE_OBJC_ARC = YES;
				CLANG_WARN_BOOL_CONVERSION = YES;
				CLANG_WARN_CONSTANT_CONVERSION = YES;
				CLANG_WARN_EMPTY_BODY = YES;
				CLANG_WARN_ENUM_CONVERSION = YES;
				CLANG_WARN_INT_CONVERSION = YES;
				CLANG_WARN__DUPLICATE_METHOD_MATCH = YES;
				GCC_C_LANGUAGE_STANDARD = c99;
				GCC_THUMB_SUPPORT = NO;
				GCC_VERSION = "";
				GCC_WARN_ABOUT_RETURN_TYPE = YES;
				GCC_WARN_UNDECLARED_SELECTOR = YES;
				GCC_WARN_UNINITIALIZED_AUTOS = YES;
				GCC_WARN_UNUSED_FUNCTION = YES;
				GCC_WARN_UNUSED_VARIABLE = YES;
				SDKROOT = iphoneos;
				SKIP_INSTALL = NO;
				TARGETED_DEVICE_FAMILY = 1;
			};
			name = Release;
		};
/* End XCBuildConfiguration section */

/* Begin XCConfigurationList section */
		1D6058960D05DD3E006BFB54 /* Build configuration list for PBXNativeTarget "Ruby China" */ = {
			isa = XCConfigurationList;
			buildConfigurations = (
				1D6058940D05DD3E006BFB54 /* Debug */,
				1D6058950D05DD3E006BFB54 /* Release */,
			);
			defaultConfigurationIsVisible = 0;
			defaultConfigurationName = Release;
		};
		C01FCF4E08A954540054247B /* Build configuration list for PBXProject "Ruby China" */ = {
			isa = XCConfigurationList;
			buildConfigurations = (
				C01FCF4F08A954540054247B /* Debug */,
				C01FCF5008A954540054247B /* Release */,
			);
			defaultConfigurationIsVisible = 0;
			defaultConfigurationName = Release;
		};
/* End XCConfigurationList section */
	};
	rootObject = 29B97313FDCFA39411CA2CEA /* Project object */;
}
